
Microsoft Visual Studio Solution File, Format Version 12.00
# Visual Studio Version 16
VisualStudioVersion = 16.0.30320.27
MinimumVisualStudioVersion = 10.0.40219.1
Project("{8BC9CEB8-8B4A-11D0-8D11-00A0C91BC942}") = "Sandbox", "Sandbox\Sandbox.vcxproj", "{4E854DA5-A04C-4B2E-95D7-9FCDB2574533}"
EndProject
Project("{8BC9CEB8-8B4A-11D0-8D11-00A0C91BC942}") = "Minor", "Minor\Minor.vcxproj", "{B0FCFACD-733F-463A-8DB5-6F697C20EA80}"
EndProject
Global
	GlobalSection(SolutionConfigurationPlatforms) = preSolution
		Debug|x64 = Debug|x64
		Debug|x86 = Debug|x86
		Release|x64 = Release|x64
		Release|x86 = Release|x86
	EndGlobalSection
	GlobalSection(ProjectConfigurationPlatforms) = postSolution
		{B0FCFACD-733F-463A-8DB5-6F697C20EA80}.Debug|x64.ActiveCfg = Debug|x64
		{B0FCFACD-733F-463A-8DB5-6F697C20EA80}.Debug|x64.Build.0 = Debug|x64
		{B0FCFACD-733F-463A-8DB5-6F697C20EA80}.Debug|x86.ActiveCfg = Debug|Win32
		{B0FCFACD-733F-463A-8DB5-6F697C20EA80}.Debug|x86.Build.0 = Debug|Win32
		{B0FCFACD-733F-463A-8DB5-6F697C20EA80}.Release|x64.ActiveCfg = Release|x64
		{B0FCFACD-733F-463A-8DB5-6F697C20EA80}.Release|x64.Build.0 = Release|x64
		{B0FCFACD-733F-463A-8DB5-6F697C20EA80}.Release|x86.ActiveCfg = Release|Win32
		{B0FCFACD-733F-463A-8DB5-6F697C20EA80}.Release|x86.Build.0 = Release|Win32
		{4E854DA5-A04C-4B2E-95D7-9FCDB2574533}.Debug|x64.ActiveCfg = Debug|x64
		{4E854DA5-A04C-4B2E-95D7-9FCDB2574533}.Debug|x64.Build.0 = Debug|x64
		{4E854DA5-A04C-4B2E-95D7-9FCDB2574533}.Debug|x86.ActiveCfg = Debug|Win32
		{4E854DA5-A04C-4B2E-95D7-9FCDB2574533}.Debug|x86.Build.0 = Debug|Win32
		{4E854DA5-A04C-4B2E-95D7-9FCDB2574533}.Release|x64.ActiveCfg = Release|x64
		{4E854DA5-A04C-4B2E-95D7-9FCDB2574533}.Release|x64.Build.0 = Release|x64
		{4E854DA5-A04C-4B2E-95D7-9FCDB2574533}.Release|x86.ActiveCfg = Release|Win32
		{4E854DA5-A04C-4B2E-95D7-9FCDB2574533}.Release|x86.Build.0 = Release|Win32
	EndGlobalSection
	GlobalSection(SolutionProperties) = preSolution
		HideSolutionNode = FALSE
	EndGlobalSection
	GlobalSection(ExtensibilityGlobals) = postSolution
		SolutionGuid = {75A59BAB-C5C6-439C-BA4E-237F961061C2}
	EndGlobalSection
EndGlobal
